
Microsoft Visual Studio Solution File, Format Version 12.00
# Visual Studio Version 17
VisualStudioVersion = 17.8.34408.163
MinimumVisualStudioVersion = 10.0.40219.1
Project("{FAE04EC0-301F-11D3-BF4B-00C04F79EFBC}") = "Models", "Models\Models.csproj", "{A8633C02-3189-4DC0-8D01-89D6CB1767D5}"
EndProject
Project("{FAE04EC0-301F-11D3-BF4B-00C04F79EFBC}") = "DateAccess", "DateAccess\DateAccess.csproj", "{892FD9E6-8BC0-480B-A4AC-3D0FB03763D5}"
EndProject
Project("{FAE04EC0-301F-11D3-BF4B-00C04F79EFBC}") = "Services", "Services\Services.csproj", "{C8196657-DE74-489A-B197-028569756EA9}"
EndProject
Global
	GlobalSection(SolutionConfigurationPlatforms) = preSolution
		Debug|Any CPU = Debug|Any CPU
		Release|Any CPU = Release|Any CPU
	EndGlobalSection
	GlobalSection(ProjectConfigurationPlatforms) = postSolution
		{A8633C02-3189-4DC0-8D01-89D6CB1767D5}.Debug|Any CPU.ActiveCfg = Debug|Any CPU
		{A8633C02-3189-4DC0-8D01-89D6CB1767D5}.Debug|Any CPU.Build.0 = Debug|Any CPU
		{A8633C02-3189-4DC0-8D01-89D6CB1767D5}.Release|Any CPU.ActiveCfg = Release|Any CPU
		{A8633C02-3189-4DC0-8D01-89D6CB1767D5}.Release|Any CPU.Build.0 = Release|Any CPU
		{892FD9E6-8BC0-480B-A4AC-3D0FB03763D5}.Debug|Any CPU.ActiveCfg = Debug|Any CPU
		{892FD9E6-8BC0-480B-A4AC-3D0FB03763D5}.Debug|Any CPU.Build.0 = Debug|Any CPU
		{892FD9E6-8BC0-480B-A4AC-3D0FB03763D5}.Release|Any CPU.ActiveCfg = Release|Any CPU
		{892FD9E6-8BC0-480B-A4AC-3D0FB03763D5}.Release|Any CPU.Build.0 = Release|Any CPU
		{C8196657-DE74-489A-B197-028569756EA9}.Debug|Any CPU.ActiveCfg = Debug|Any CPU
		{C8196657-DE74-489A-B197-028569756EA9}.Debug|Any CPU.Build.0 = Debug|Any CPU
		{C8196657-DE74-489A-B197-028569756EA9}.Release|Any CPU.ActiveCfg = Release|Any CPU
		{C8196657-DE74-489A-B197-028569756EA9}.Release|Any CPU.Build.0 = Release|Any CPU
	EndGlobalSection
	GlobalSection(SolutionProperties) = preSolution
		HideSolutionNode = FALSE
	EndGlobalSection
	GlobalSection(ExtensibilityGlobals) = postSolution
		SolutionGuid = {D0DDAFC8-75E2-441A-911F-419FC3424AB3}
	EndGlobalSection
EndGlobal
